
Microsoft Visual Studio Solution File, Format Version 12.00
# Visual Studio 15
VisualStudioVersion = 15.0.28307.1259
MinimumVisualStudioVersion = 10.0.40219.1
Project("{8BC9CEB8-8B4A-11D0-8D11-00A0C91BC942}") = "HW", "HW\HW.vcxproj", "{673C4D90-9111-4BBD-9604-68C0F3B0C75F}"
EndProject
Global
	GlobalSection(SolutionConfigurationPlatforms) = preSolution
		Debug|x64 = Debug|x64
		Debug|x86 = Debug|x86
		Release|x64 = Release|x64
		Release|x86 = Release|x86
	EndGlobalSection
	GlobalSection(ProjectConfigurationPlatforms) = postSolution
		{673C4D90-9111-4BBD-9604-68C0F3B0C75F}.Debug|x64.ActiveCfg = Debug|x64
		{673C4D90-9111-4BBD-9604-68C0F3B0C75F}.Debug|x64.Build.0 = Debug|x64
		{673C4D90-9111-4BBD-9604-68C0F3B0C75F}.Debug|x86.ActiveCfg = Debug|Win32
		{673C4D90-9111-4BBD-9604-68C0F3B0C75F}.Debug|x86.Build.0 = Debug|Win32
		{673C4D90-9111-4BBD-9604-68C0F3B0C75F}.Release|x64.ActiveCfg = Release|x64
		{673C4D90-9111-4BBD-9604-68C0F3B0C75F}.Release|x64.Build.0 = Release|x64
		{673C4D90-9111-4BBD-9604-68C0F3B0C75F}.Release|x86.ActiveCfg = Release|Win32
		{673C4D90-9111-4BBD-9604-68C0F3B0C75F}.Release|x86.Build.0 = Release|Win32
	EndGlobalSection
	GlobalSection(SolutionProperties) = preSolution
		HideSolutionNode = FALSE
	EndGlobalSection
	GlobalSection(ExtensibilityGlobals) = postSolution
		SolutionGuid = {05D66937-4AFD-42E9-9B59-A720BB72B66C}
	EndGlobalSection
EndGlobal
